{
    "name": "nextdocs",
    "lockfileVersion": 2,
    "requires": true,
    "packages": {
        "": {
            "name": "nextdocs",
            "dependencies": {
                "hard-rejection": "^2.1.0",
                "html-entities": "^2.3.3",
                "https-proxy-agent": "^5.0.1",
                "p-limit": "^4.0.0",
                "p-throttle": "^5.0.0",
                "p-timeout": "^5.1.0"
            }
        },
        "node_modules/agent-base": {
            "version": "6.0.2",
            "resolved": "https://registry.npmjs.org/agent-base/-/agent-base-6.0.2.tgz",
            "integrity": "sha512-RZNwNclF7+MS/8bDg70amg32dyeZGZxiDuQmZxKLAlQjr3jGyLx+4Kkk58UO7D2QdgFIQCovuSuZESne6RG6XQ==",
            "dependencies": {
                "debug": "4"
            },
            "engines": {
                "node": ">= 6.0.0"
            }
        },
        "node_modules/debug": {
            "version": "4.3.4",
            "resolved": "https://registry.npmjs.org/debug/-/debug-4.3.4.tgz",
            "integrity": "sha512-PRWFHuSU3eDtQJPvnNY7Jcket1j0t5OuOsFzPPzsekD52Zl8qUfFIPEiswXqIvHWGVHOgX+7G/vCNNhehwxfkQ==",
            "dependencies": {
                "ms": "2.1.2"
            },
            "engines": {
                "node": ">=6.0"
            },
            "peerDependenciesMeta": {
                "supports-color": {
                    "optional": true
                }
            }
        },
        "node_modules/hard-rejection": {
            "version": "2.1.0",
            "resolved": "https://registry.npmjs.org/hard-rejection/-/hard-rejection-2.1.0.tgz",
            "integrity": "sha512-VIZB+ibDhx7ObhAe7OVtoEbuP4h/MuOTHJ+J8h/eBXotJYl0fBgR72xDFCKgIh22OJZIOVNxBMWuhAr10r8HdA==",
            "engines": {
                "node": ">=6"
            }
        },
        "node_modules/html-entities": {
            "version": "2.3.3",
            "resolved": "https://registry.npmjs.org/html-entities/-/html-entities-2.3.3.tgz",
            "integrity": "sha512-DV5Ln36z34NNTDgnz0EWGBLZENelNAtkiFA4kyNOG2tDI6Mz1uSWiq1wAKdyjnJwyDiDO7Fa2SO1CTxPXL8VxA=="
        },
        "node_modules/https-proxy-agent": {
            "version": "5.0.1",
            "resolved": "https://registry.npmjs.org/https-proxy-agent/-/https-proxy-agent-5.0.1.tgz",
            "integrity": "sha512-dFcAjpTQFgoLMzC2VwU+C/CbS7uRL0lWmxDITmqm7C+7F0Odmj6s9l6alZc6AELXhrnggM2CeWSXHGOdX2YtwA==",
            "dependencies": {
                "agent-base": "6",
                "debug": "4"
            },
            "engines": {
                "node": ">= 6"
            }
        },
        "node_modules/ms": {
            "version": "2.1.2",
            "resolved": "https://registry.npmjs.org/ms/-/ms-2.1.2.tgz",
            "integrity": "sha512-sGkPx+VjMtmA6MX27oA4FBFELFCZZ4S4XqeGOXCv68tT+jb3vk/RyaKWP0PTKyWtmLSM0b+adUTEvbs1PEaH2w=="
        },
        "node_modules/p-limit": {
            "version": "4.0.0",
            "resolved": "https://registry.npmjs.org/p-limit/-/p-limit-4.0.0.tgz",
            "integrity": "sha512-5b0R4txpzjPWVw/cXXUResoD4hb6U/x9BH08L7nw+GN1sezDzPdxeRvpc9c433fZhBan/wusjbCsqwqm4EIBIQ==",
            "dependencies": {
                "yocto-queue": "^1.0.0"
            },
            "engines": {
                "node": "^12.20.0 || ^14.13.1 || >=16.0.0"
            },
            "funding": {
                "url": "https://github.com/sponsors/sindresorhus"
            }
        },
        "node_modules/p-throttle": {
            "version": "5.0.0",
            "resolved": "https://registry.npmjs.org/p-throttle/-/p-throttle-5.0.0.tgz",
            "integrity": "sha512-iXBFjW4kP/5Ivw7uC9EDnj+/xo3pNn4Rws3zgMGPwXnWTv1M3P0LVdZxLrqRUI5JK0Fp3Du0bt6lCaVrI3WF7g==",
            "engines": {
                "node": "^12.20.0 || ^14.13.1 || >=16.0.0"
            },
            "funding": {
                "url": "https://github.com/sponsors/sindresorhus"
            }
        },
        "node_modules/p-timeout": {
            "version": "5.1.0",
            "resolved": "https://registry.npmjs.org/p-timeout/-/p-timeout-5.1.0.tgz",
            "integrity": "sha512-auFDyzzzGZZZdHz3BtET9VEz0SE/uMEAx7uWfGPucfzEwwe/xH0iVeZibQmANYE/hp9T2+UUZT5m+BKyrDp3Ew==",
            "engines": {
                "node": ">=12"
            },
            "funding": {
                "url": "https://github.com/sponsors/sindresorhus"
            }
        },
        "node_modules/yocto-queue": {
            "version": "1.0.0",
            "resolved": "https://registry.npmjs.org/yocto-queue/-/yocto-queue-1.0.0.tgz",
            "integrity": "sha512-9bnSc/HEW2uRy67wc+T8UwauLuPJVn28jb+GtJY16iiKWyvmYJRXVT4UamsAEGQfPohgr2q4Tq0sQbQlxTfi1g==",
            "engines": {
                "node": ">=12.20"
            },
            "funding": {
                "url": "https://github.com/sponsors/sindresorhus"
            }
        }
    },
    "dependencies": {
        "agent-base": {
            "version": "6.0.2",
            "resolved": "https://registry.npmjs.org/agent-base/-/agent-base-6.0.2.tgz",
            "integrity": "sha512-RZNwNclF7+MS/8bDg70amg32dyeZGZxiDuQmZxKLAlQjr3jGyLx+4Kkk58UO7D2QdgFIQCovuSuZESne6RG6XQ==",
            "requires": {
                "debug": "4"
            }
        },
        "debug": {
            "version": "4.3.4",
            "resolved": "https://registry.npmjs.org/debug/-/debug-4.3.4.tgz",
            "integrity": "sha512-PRWFHuSU3eDtQJPvnNY7Jcket1j0t5OuOsFzPPzsekD52Zl8qUfFIPEiswXqIvHWGVHOgX+7G/vCNNhehwxfkQ==",
            "requires": {
                "ms": "2.1.2"
            }
        },
        "hard-rejection": {
            "version": "2.1.0",
            "resolved": "https://registry.npmjs.org/hard-rejection/-/hard-rejection-2.1.0.tgz",
            "integrity": "sha512-VIZB+ibDhx7ObhAe7OVtoEbuP4h/MuOTHJ+J8h/eBXotJYl0fBgR72xDFCKgIh22OJZIOVNxBMWuhAr10r8HdA=="
        },
        "html-entities": {
            "version": "2.3.3",
            "resolved": "https://registry.npmjs.org/html-entities/-/html-entities-2.3.3.tgz",
            "integrity": "sha512-DV5Ln36z34NNTDgnz0EWGBLZENelNAtkiFA4kyNOG2tDI6Mz1uSWiq1wAKdyjnJwyDiDO7Fa2SO1CTxPXL8VxA=="
        },
        "https-proxy-agent": {
            "version": "5.0.1",
            "resolved": "https://registry.npmjs.org/https-proxy-agent/-/https-proxy-agent-5.0.1.tgz",
            "integrity": "sha512-dFcAjpTQFgoLMzC2VwU+C/CbS7uRL0lWmxDITmqm7C+7F0Odmj6s9l6alZc6AELXhrnggM2CeWSXHGOdX2YtwA==",
            "requires": {
                "agent-base": "6",
                "debug": "4"
            }
        },
        "ms": {
            "version": "2.1.2",
            "resolved": "https://registry.npmjs.org/ms/-/ms-2.1.2.tgz",
            "integrity": "sha512-sGkPx+VjMtmA6MX27oA4FBFELFCZZ4S4XqeGOXCv68tT+jb3vk/RyaKWP0PTKyWtmLSM0b+adUTEvbs1PEaH2w=="
        },
        "p-limit": {
            "version": "4.0.0",
            "resolved": "https://registry.npmjs.org/p-limit/-/p-limit-4.0.0.tgz",
            "integrity": "sha512-5b0R4txpzjPWVw/cXXUResoD4hb6U/x9BH08L7nw+GN1sezDzPdxeRvpc9c433fZhBan/wusjbCsqwqm4EIBIQ==",
            "requires": {
                "yocto-queue": "^1.0.0"
            }
        },
        "p-throttle": {
            "version": "5.0.0",
            "resolved": "https://registry.npmjs.org/p-throttle/-/p-throttle-5.0.0.tgz",
            "integrity": "sha512-iXBFjW4kP/5Ivw7uC9EDnj+/xo3pNn4Rws3zgMGPwXnWTv1M3P0LVdZxLrqRUI5JK0Fp3Du0bt6lCaVrI3WF7g=="
        },
        "p-timeout": {
            "version": "5.1.0",
            "resolved": "https://registry.npmjs.org/p-timeout/-/p-timeout-5.1.0.tgz",
            "integrity": "sha512-auFDyzzzGZZZdHz3BtET9VEz0SE/uMEAx7uWfGPucfzEwwe/xH0iVeZibQmANYE/hp9T2+UUZT5m+BKyrDp3Ew=="
        },
        "yocto-queue": {
            "version": "1.0.0",
            "resolved": "https://registry.npmjs.org/yocto-queue/-/yocto-queue-1.0.0.tgz",
            "integrity": "sha512-9bnSc/HEW2uRy67wc+T8UwauLuPJVn28jb+GtJY16iiKWyvmYJRXVT4UamsAEGQfPohgr2q4Tq0sQbQlxTfi1g=="
        }
    }
}
